
Microsoft Visual Studio Solution File, Format Version 12.00
# Visual Studio Version 17
VisualStudioVersion = 17.0.32112.339
MinimumVisualStudioVersion = 10.0.40219.1
Project("{9A19103F-16F7-4668-BE54-9A1E7A4F7556}") = "DemoSicurezza.WASM", "DemoSicurezza.WASM\DemoSicurezza.WASM.csproj", "{78DA760B-037A-4C7D-8499-98A27AAAB40F}"
EndProject
Project("{9A19103F-16F7-4668-BE54-9A1E7A4F7556}") = "DemoSicurezza.API", "DemoSicurezza.API\DemoSicurezza.API.csproj", "{54D393D9-4D96-43D3-A40C-BEA82B0E02C2}"
EndProject
Project("{9A19103F-16F7-4668-BE54-9A1E7A4F7556}") = "DemoSicurezza.Shared", "DemoSicurezza.Shared\DemoSicurezza.Shared.csproj", "{7B362391-F069-41CE-8C66-4860A2D85949}"
EndProject
Global
	GlobalSection(SolutionConfigurationPlatforms) = preSolution
		Debug|Any CPU = Debug|Any CPU
		Release|Any CPU = Release|Any CPU
	EndGlobalSection
	GlobalSection(ProjectConfigurationPlatforms) = postSolution
		{78DA760B-037A-4C7D-8499-98A27AAAB40F}.Debug|Any CPU.ActiveCfg = Debug|Any CPU
		{78DA760B-037A-4C7D-8499-98A27AAAB40F}.Debug|Any CPU.Build.0 = Debug|Any CPU
		{78DA760B-037A-4C7D-8499-98A27AAAB40F}.Release|Any CPU.ActiveCfg = Release|Any CPU
		{78DA760B-037A-4C7D-8499-98A27AAAB40F}.Release|Any CPU.Build.0 = Release|Any CPU
		{54D393D9-4D96-43D3-A40C-BEA82B0E02C2}.Debug|Any CPU.ActiveCfg = Debug|Any CPU
		{54D393D9-4D96-43D3-A40C-BEA82B0E02C2}.Debug|Any CPU.Build.0 = Debug|Any CPU
		{54D393D9-4D96-43D3-A40C-BEA82B0E02C2}.Release|Any CPU.ActiveCfg = Release|Any CPU
		{54D393D9-4D96-43D3-A40C-BEA82B0E02C2}.Release|Any CPU.Build.0 = Release|Any CPU
		{7B362391-F069-41CE-8C66-4860A2D85949}.Debug|Any CPU.ActiveCfg = Debug|Any CPU
		{7B362391-F069-41CE-8C66-4860A2D85949}.Debug|Any CPU.Build.0 = Debug|Any CPU
		{7B362391-F069-41CE-8C66-4860A2D85949}.Release|Any CPU.ActiveCfg = Release|Any CPU
		{7B362391-F069-41CE-8C66-4860A2D85949}.Release|Any CPU.Build.0 = Release|Any CPU
	EndGlobalSection
	GlobalSection(SolutionProperties) = preSolution
		HideSolutionNode = FALSE
	EndGlobalSection
	GlobalSection(ExtensibilityGlobals) = postSolution
		SolutionGuid = {08A64AAC-4ECD-4B46-A466-E75FFACC30C0}
	EndGlobalSection
EndGlobal
